# THIS IS AN AUTOGENERATED FILE. DO NOT EDIT THIS FILE DIRECTLY.
# yarn lockfile v1


balanced-match@^1.0.0:
  version "1.0.0"
  resolved "https://registry.yarnpkg.com/balanced-match/-/balanced-match-1.0.0.tgz#89b4d199ab2bee49de164ea02b89ce462d71b767"

bencode@^1.0.0:
  version "1.0.0"
  resolved "https://registry.yarnpkg.com/bencode/-/bencode-1.0.0.tgz#0b83aea885b3547b579ada0c6a5e7739fe4d073e"
  dependencies:
    safe-buffer "^5.1.1"

brace-expansion@^1.1.7:
  version "1.1.8"
  resolved "https://registry.yarnpkg.com/brace-expansion/-/brace-expansion-1.1.8.tgz#c07b211c7c952ec1f8efd51a77ef0d1d3990a292"
  dependencies:
    balanced-match "^1.0.0"
    concat-map "0.0.1"

concat-map@0.0.1:
  version "0.0.1"
  resolved "https://registry.yarnpkg.com/concat-map/-/concat-map-0.0.1.tgz#d8a96bd77fd68df7793a73036a3ba0d5405d477b"

fs-jetpack@^1.1.0:
  version "1.2.0"
  resolved "https://registry.yarnpkg.com/fs-jetpack/-/fs-jetpack-1.2.0.tgz#feb20b44bf3725492827cd2f81a7c812423882c5"
  dependencies:
    minimatch "^3.0.2"

fs@^0.0.1-security:
  version "0.0.1-security"
  resolved "https://registry.yarnpkg.com/fs/-/fs-0.0.1-security.tgz#8a7bd37186b6dddf3813f23858b57ecaaf5e41d4"

lodash.includes@^4.3.0:
  version "4.3.0"
  resolved "https://registry.yarnpkg.com/lodash.includes/-/lodash.includes-4.3.0.tgz#60bb98a87cb923c68ca1e51325483314849f553f"

lodash.toupper@^4.1.2:
  version "4.1.2"
  resolved "https://registry.yarnpkg.com/lodash.toupper/-/lodash.toupper-4.1.2.tgz#b3fdf3d83b880c8750d509b64075385c7eca2fc3"

minimatch@^3.0.2:
  version "3.0.4"
  resolved "https://registry.yarnpkg.com/minimatch/-/minimatch-3.0.4.tgz#5166e286457f03306064be5497e8dbb0c3d32083"
  dependencies:
    brace-expansion "^1.1.7"

parse-torrent-file@^4.0.3:
  version "4.0.3"
  resolved "https://registry.yarnpkg.com/parse-torrent-file/-/parse-torrent-file-4.0.3.tgz#3e2ab0a464a803cc35d1357a1029d1cbd11dae37"
  dependencies:
    bencode "^1.0.0"
    simple-sha1 "^2.0.0"
    uniq "^1.0.1"

rusha@^0.8.1:
  version "0.8.6"
  resolved "https://registry.yarnpkg.com/rusha/-/rusha-0.8.6.tgz#b264ddaa4d49a1d67300061858ba9358c4adca14"

safe-buffer@^5.1.1:
  version "5.1.1"
  resolved "https://registry.yarnpkg.com/safe-buffer/-/safe-buffer-5.1.1.tgz#893312af69b2123def71f57889001671eeb2c853"

simple-sha1@^2.0.0:
  version "2.1.0"
  resolved "https://registry.yarnpkg.com/simple-sha1/-/simple-sha1-2.1.0.tgz#9427bb96ff1263cc10a8414cedd51a18b919e8b3"
  dependencies:
    rusha "^0.8.1"

uniq@^1.0.1:
  version "1.0.1"
  resolved "https://registry.yarnpkg.com/uniq/-/uniq-1.0.1.tgz#b31c5ae8254844a3a8281541ce2b04b865a734ff"
